// !$*UTF8*$!
{
	archiveVersion = 1;
	classes = {
	};
	objectVersion = 46;
	objects = {

/* Begin PBXBuildFile section */
		22313DC1194B634100DD11E9 /* FDStringUtils.m in Sources */ = {isa = PBXBuildFile; fileRef = 22313DC0194B634100DD11E9 /* FDStringUtils.m */; };
		22313DC4194B670B00DD11E9 /* FDTeamStorage.m in Sources */ = {isa = PBXBuildFile; fileRef = 22313DC3194B670B00DD11E9 /* FDTeamStorage.m */; };
		22527D87194AFBA0009B989B /* Foundation.framework in Frameworks */ = {isa = PBXBuildFile; fileRef = 22527D86194AFBA0009B989B /* Foundation.framework */; };
		22527D89194AFBA0009B989B /* CoreGraphics.framework in Frameworks */ = {isa = PBXBuildFile; fileRef = 22527D88194AFBA0009B989B /* CoreGraphics.framework */; };
		22527D8B194AFBA0009B989B /* UIKit.framework in Frameworks */ = {isa = PBXBuildFile; fileRef = 22527D8A194AFBA0009B989B /* UIKit.framework */; };
		22527D91194AFBA0009B989B /* InfoPlist.strings in Resources */ = {isa = PBXBuildFile; fileRef = 22527D8F194AFBA0009B989B /* InfoPlist.strings */; };
		22527D93194AFBA0009B989B /* main.m in Sources */ = {isa = PBXBuildFile; fileRef = 22527D92194AFBA0009B989B /* main.m */; };
		22527D97194AFBA0009B989B /* FDAppDelegate.m in Sources */ = {isa = PBXBuildFile; fileRef = 22527D96194AFBA0009B989B /* FDAppDelegate.m */; };
		22527D9A194AFBA0009B989B /* Main.storyboard in Resources */ = {isa = PBXBuildFile; fileRef = 22527D98194AFBA0009B989B /* Main.storyboard */; };
		22527D9F194AFBA0009B989B /* Images.xcassets in Resources */ = {isa = PBXBuildFile; fileRef = 22527D9E194AFBA0009B989B /* Images.xcassets */; };
		22527DA6194AFBA0009B989B /* XCTest.framework in Frameworks */ = {isa = PBXBuildFile; fileRef = 22527DA5194AFBA0009B989B /* XCTest.framework */; };
		22527DA7194AFBA0009B989B /* Foundation.framework in Frameworks */ = {isa = PBXBuildFile; fileRef = 22527D86194AFBA0009B989B /* Foundation.framework */; };
		22527DA8194AFBA0009B989B /* UIKit.framework in Frameworks */ = {isa = PBXBuildFile; fileRef = 22527D8A194AFBA0009B989B /* UIKit.framework */; };
		22527DB0194AFBA0009B989B /* InfoPlist.strings in Resources */ = {isa = PBXBuildFile; fileRef = 22527DAE194AFBA0009B989B /* InfoPlist.strings */; };
		22527DB2194AFBA0009B989B /* Standup_iOSTests.m in Sources */ = {isa = PBXBuildFile; fileRef = 22527DB1194AFBA0009B989B /* Standup_iOSTests.m */; };
		2290296C194B0A6700D249F7 /* FDTeam.m in Sources */ = {isa = PBXBuildFile; fileRef = 2290296B194B0A6700D249F7 /* FDTeam.m */; };
		22902970194B0AA900D249F7 /* FDUser.m in Sources */ = {isa = PBXBuildFile; fileRef = 2290296F194B0AA900D249F7 /* FDUser.m */; };
		22902973194B0AB700D249F7 /* FDStandup.m in Sources */ = {isa = PBXBuildFile; fileRef = 22902972194B0AB700D249F7 /* FDStandup.m */; };
		22902977194B0BD800D249F7 /* FDAPIClient.m in Sources */ = {isa = PBXBuildFile; fileRef = 22902976194B0BD800D249F7 /* FDAPIClient.m */; };
		22A354BB194B296C00732E53 /* FDTodoItem.m in Sources */ = {isa = PBXBuildFile; fileRef = 22A354BA194B296C00732E53 /* FDTodoItem.m */; };
		22A354BE194B29C700732E53 /* FDStandupUser.m in Sources */ = {isa = PBXBuildFile; fileRef = 22A354BD194B29C700732E53 /* FDStandupUser.m */; };
		22A354C0194B2D8400732E53 /* mockTeam.json in Resources */ = {isa = PBXBuildFile; fileRef = 22A354BF194B2D8400732E53 /* mockTeam.json */; };
		56D7E5B6830E4C618623ACFF /* libPods-Standup-iOSTests.a in Frameworks */ = {isa = PBXBuildFile; fileRef = 84C513AE6834405A90E4EC45 /* libPods-Standup-iOSTests.a */; };
		626DFAC130FA46FEA48C9AF5 /* libPods.a in Frameworks */ = {isa = PBXBuildFile; fileRef = B5A30D882175455EBC2C4AEC /* libPods.a */; };
		9A75FFD7194B43310036EE88 /* FDUserCollectionViewCell.m in Sources */ = {isa = PBXBuildFile; fileRef = 9A75FFD6194B43310036EE88 /* FDUserCollectionViewCell.m */; };
		9A75FFDA194B4A7C0036EE88 /* FDMyTodoTableViewCell.m in Sources */ = {isa = PBXBuildFile; fileRef = 9A75FFD9194B4A7C0036EE88 /* FDMyTodoTableViewCell.m */; };
		9A75FFDD194B4A950036EE88 /* FDOthersTodoTableViewCell.m in Sources */ = {isa = PBXBuildFile; fileRef = 9A75FFDC194B4A950036EE88 /* FDOthersTodoTableViewCell.m */; };
		9ABE78CF194B064700E079F0 /* FDLoginViewController.m in Sources */ = {isa = PBXBuildFile; fileRef = 9ABE78CE194B064700E079F0 /* FDLoginViewController.m */; };
		9ABE78D2194B06A500E079F0 /* FDDashboardViewController.m in Sources */ = {isa = PBXBuildFile; fileRef = 9ABE78D1194B06A500E079F0 /* FDDashboardViewController.m */; };
		9ABE78D5194B06C700E079F0 /* FDStandupTableViewController.m in Sources */ = {isa = PBXBuildFile; fileRef = 9ABE78D4194B06C700E079F0 /* FDStandupTableViewController.m */; };
		9ABE78D8194B06E200E079F0 /* FDSettingsTableViewController.m in Sources */ = {isa = PBXBuildFile; fileRef = 9ABE78D7194B06E200E079F0 /* FDSettingsTableViewController.m */; };
/* End PBXBuildFile section */

/* Begin PBXContainerItemProxy section */
		22527DA9194AFBA0009B989B /* PBXContainerItemProxy */ = {
			isa = PBXContainerItemProxy;
			containerPortal = 22527D7B194AFBA0009B989B /* Project object */;
			proxyType = 1;
			remoteGlobalIDString = 22527D82194AFBA0009B989B;
			remoteInfo = "Standup-iOS";
		};
/* End PBXContainerItemProxy section */

/* Begin PBXFileReference section */
		22313DBF194B634100DD11E9 /* FDStringUtils.h */ = {isa = PBXFileReference; fileEncoding = 4; lastKnownFileType = sourcecode.c.h; path = FDStringUtils.h; sourceTree = "<group>"; };
		22313DC0194B634100DD11E9 /* FDStringUtils.m */ = {isa = PBXFileReference; fileEncoding = 4; lastKnownFileType = sourcecode.c.objc; path = FDStringUtils.m; sourceTree = "<group>"; };
		22313DC2194B670B00DD11E9 /* FDTeamStorage.h */ = {isa = PBXFileReference; fileEncoding = 4; lastKnownFileType = sourcecode.c.h; path = FDTeamStorage.h; sourceTree = "<group>"; };
		22313DC3194B670B00DD11E9 /* FDTeamStorage.m */ = {isa = PBXFileReference; fileEncoding = 4; lastKnownFileType = sourcecode.c.objc; path = FDTeamStorage.m; sourceTree = "<group>"; };
		22527D83194AFBA0009B989B /* Standup-iOS.app */ = {isa = PBXFileReference; explicitFileType = wrapper.application; includeInIndex = 0; path = "Standup-iOS.app"; sourceTree = BUILT_PRODUCTS_DIR; };
		22527D86194AFBA0009B989B /* Foundation.framework */ = {isa = PBXFileReference; lastKnownFileType = wrapper.framework; name = Foundation.framework; path = System/Library/Frameworks/Foundation.framework; sourceTree = SDKROOT; };
		22527D88194AFBA0009B989B /* CoreGraphics.framework */ = {isa = PBXFileReference; lastKnownFileType = wrapper.framework; name = CoreGraphics.framework; path = System/Library/Frameworks/CoreGraphics.framework; sourceTree = SDKROOT; };
		22527D8A194AFBA0009B989B /* UIKit.framework */ = {isa = PBXFileReference; lastKnownFileType = wrapper.framework; name = UIKit.framework; path = System/Library/Frameworks/UIKit.framework; sourceTree = SDKROOT; };
		22527D8E194AFBA0009B989B /* Standup-iOS-Info.plist */ = {isa = PBXFileReference; lastKnownFileType = text.plist.xml; path = "Standup-iOS-Info.plist"; sourceTree = "<group>"; };
		22527D90194AFBA0009B989B /* en */ = {isa = PBXFileReference; lastKnownFileType = text.plist.strings; name = en; path = en.lproj/InfoPlist.strings; sourceTree = "<group>"; };
		22527D92194AFBA0009B989B /* main.m */ = {isa = PBXFileReference; lastKnownFileType = sourcecode.c.objc; path = main.m; sourceTree = "<group>"; };
		22527D94194AFBA0009B989B /* Standup-iOS-Prefix.pch */ = {isa = PBXFileReference; lastKnownFileType = sourcecode.c.h; path = "Standup-iOS-Prefix.pch"; sourceTree = "<group>"; };
		22527D95194AFBA0009B989B /* FDAppDelegate.h */ = {isa = PBXFileReference; lastKnownFileType = sourcecode.c.h; path = FDAppDelegate.h; sourceTree = "<group>"; };
		22527D96194AFBA0009B989B /* FDAppDelegate.m */ = {isa = PBXFileReference; lastKnownFileType = sourcecode.c.objc; path = FDAppDelegate.m; sourceTree = "<group>"; };
		22527D99194AFBA0009B989B /* Base */ = {isa = PBXFileReference; lastKnownFileType = file.storyboard; name = Base; path = Base.lproj/Main.storyboard; sourceTree = "<group>"; };
		22527D9E194AFBA0009B989B /* Images.xcassets */ = {isa = PBXFileReference; lastKnownFileType = folder.assetcatalog; path = Images.xcassets; sourceTree = "<group>"; };
		22527DA4194AFBA0009B989B /* Standup-iOSTests.xctest */ = {isa = PBXFileReference; explicitFileType = wrapper.cfbundle; includeInIndex = 0; path = "Standup-iOSTests.xctest"; sourceTree = BUILT_PRODUCTS_DIR; };
		22527DA5194AFBA0009B989B /* XCTest.framework */ = {isa = PBXFileReference; lastKnownFileType = wrapper.framework; name = XCTest.framework; path = Library/Frameworks/XCTest.framework; sourceTree = DEVELOPER_DIR; };
		22527DAD194AFBA0009B989B /* Standup-iOSTests-Info.plist */ = {isa = PBXFileReference; lastKnownFileType = text.plist.xml; path = "Standup-iOSTests-Info.plist"; sourceTree = "<group>"; };
		22527DAF194AFBA0009B989B /* en */ = {isa = PBXFileReference; lastKnownFileType = text.plist.strings; name = en; path = en.lproj/InfoPlist.strings; sourceTree = "<group>"; };
		22527DB1194AFBA0009B989B /* Standup_iOSTests.m */ = {isa = PBXFileReference; lastKnownFileType = sourcecode.c.objc; path = Standup_iOSTests.m; sourceTree = "<group>"; };
		2290296A194B0A6700D249F7 /* FDTeam.h */ = {isa = PBXFileReference; fileEncoding = 4; lastKnownFileType = sourcecode.c.h; path = FDTeam.h; sourceTree = "<group>"; };
		2290296B194B0A6700D249F7 /* FDTeam.m */ = {isa = PBXFileReference; fileEncoding = 4; lastKnownFileType = sourcecode.c.objc; path = FDTeam.m; sourceTree = "<group>"; };
		2290296E194B0AA900D249F7 /* FDUser.h */ = {isa = PBXFileReference; fileEncoding = 4; lastKnownFileType = sourcecode.c.h; path = FDUser.h; sourceTree = "<group>"; };
		2290296F194B0AA900D249F7 /* FDUser.m */ = {isa = PBXFileReference; fileEncoding = 4; lastKnownFileType = sourcecode.c.objc; path = FDUser.m; sourceTree = "<group>"; };
		22902971194B0AB700D249F7 /* FDStandup.h */ = {isa = PBXFileReference; fileEncoding = 4; lastKnownFileType = sourcecode.c.h; path = FDStandup.h; sourceTree = "<group>"; };
		22902972194B0AB700D249F7 /* FDStandup.m */ = {isa = PBXFileReference; fileEncoding = 4; lastKnownFileType = sourcecode.c.objc; path = FDStandup.m; sourceTree = "<group>"; };
		22902975194B0BD800D249F7 /* FDAPIClient.h */ = {isa = PBXFileReference; fileEncoding = 4; lastKnownFileType = sourcecode.c.h; path = FDAPIClient.h; sourceTree = "<group>"; };
		22902976194B0BD800D249F7 /* FDAPIClient.m */ = {isa = PBXFileReference; fileEncoding = 4; lastKnownFileType = sourcecode.c.objc; path = FDAPIClient.m; sourceTree = "<group>"; };
		22A354B9194B296C00732E53 /* FDTodoItem.h */ = {isa = PBXFileReference; fileEncoding = 4; lastKnownFileType = sourcecode.c.h; path = FDTodoItem.h; sourceTree = "<group>"; };
		22A354BA194B296C00732E53 /* FDTodoItem.m */ = {isa = PBXFileReference; fileEncoding = 4; lastKnownFileType = sourcecode.c.objc; path = FDTodoItem.m; sourceTree = "<group>"; };
		22A354BC194B29C700732E53 /* FDStandupUser.h */ = {isa = PBXFileReference; fileEncoding = 4; lastKnownFileType = sourcecode.c.h; path = FDStandupUser.h; sourceTree = "<group>"; };
		22A354BD194B29C700732E53 /* FDStandupUser.m */ = {isa = PBXFileReference; fileEncoding = 4; lastKnownFileType = sourcecode.c.objc; path = FDStandupUser.m; sourceTree = "<group>"; };
		22A354BF194B2D8400732E53 /* mockTeam.json */ = {isa = PBXFileReference; fileEncoding = 4; lastKnownFileType = text.json; path = mockTeam.json; sourceTree = "<group>"; };
		84C513AE6834405A90E4EC45 /* libPods-Standup-iOSTests.a */ = {isa = PBXFileReference; explicitFileType = archive.ar; includeInIndex = 0; path = "libPods-Standup-iOSTests.a"; sourceTree = BUILT_PRODUCTS_DIR; };
		9A75FFD5194B43310036EE88 /* FDUserCollectionViewCell.h */ = {isa = PBXFileReference; fileEncoding = 4; lastKnownFileType = sourcecode.c.h; name = FDUserCollectionViewCell.h; path = ViewControllers/FDUserCollectionViewCell.h; sourceTree = "<group>"; };
		9A75FFD6194B43310036EE88 /* FDUserCollectionViewCell.m */ = {isa = PBXFileReference; fileEncoding = 4; lastKnownFileType = sourcecode.c.objc; name = FDUserCollectionViewCell.m; path = ViewControllers/FDUserCollectionViewCell.m; sourceTree = "<group>"; };
		9A75FFD8194B4A7C0036EE88 /* FDMyTodoTableViewCell.h */ = {isa = PBXFileReference; fileEncoding = 4; lastKnownFileType = sourcecode.c.h; name = FDMyTodoTableViewCell.h; path = ViewControllers/FDMyTodoTableViewCell.h; sourceTree = "<group>"; };
		9A75FFD9194B4A7C0036EE88 /* FDMyTodoTableViewCell.m */ = {isa = PBXFileReference; fileEncoding = 4; lastKnownFileType = sourcecode.c.objc; name = FDMyTodoTableViewCell.m; path = ViewControllers/FDMyTodoTableViewCell.m; sourceTree = "<group>"; };
		9A75FFDB194B4A950036EE88 /* FDOthersTodoTableViewCell.h */ = {isa = PBXFileReference; fileEncoding = 4; lastKnownFileType = sourcecode.c.h; name = FDOthersTodoTableViewCell.h; path = ViewControllers/FDOthersTodoTableViewCell.h; sourceTree = "<group>"; };
		9A75FFDC194B4A950036EE88 /* FDOthersTodoTableViewCell.m */ = {isa = PBXFileReference; fileEncoding = 4; lastKnownFileType = sourcecode.c.objc; name = FDOthersTodoTableViewCell.m; path = ViewControllers/FDOthersTodoTableViewCell.m; sourceTree = "<group>"; };
		9ABE78CD194B064700E079F0 /* FDLoginViewController.h */ = {isa = PBXFileReference; fileEncoding = 4; lastKnownFileType = sourcecode.c.h; name = FDLoginViewController.h; path = ViewControllers/FDLoginViewController.h; sourceTree = "<group>"; };
		9ABE78CE194B064700E079F0 /* FDLoginViewController.m */ = {isa = PBXFileReference; fileEncoding = 4; lastKnownFileType = sourcecode.c.objc; name = FDLoginViewController.m; path = ViewControllers/FDLoginViewController.m; sourceTree = "<group>"; };
		9ABE78D0194B06A500E079F0 /* FDDashboardViewController.h */ = {isa = PBXFileReference; fileEncoding = 4; lastKnownFileType = sourcecode.c.h; name = FDDashboardViewController.h; path = ViewControllers/FDDashboardViewController.h; sourceTree = "<group>"; };
		9ABE78D1194B06A500E079F0 /* FDDashboardViewController.m */ = {isa = PBXFileReference; fileEncoding = 4; lastKnownFileType = sourcecode.c.objc; name = FDDashboardViewController.m; path = ViewControllers/FDDashboardViewController.m; sourceTree = "<group>"; };
		9ABE78D3194B06C700E079F0 /* FDStandupTableViewController.h */ = {isa = PBXFileReference; fileEncoding = 4; lastKnownFileType = sourcecode.c.h; name = FDStandupTableViewController.h; path = ViewControllers/FDStandupTableViewController.h; sourceTree = "<group>"; };
		9ABE78D4194B06C700E079F0 /* FDStandupTableViewController.m */ = {isa = PBXFileReference; fileEncoding = 4; lastKnownFileType = sourcecode.c.objc; name = FDStandupTableViewController.m; path = ViewControllers/FDStandupTableViewController.m; sourceTree = "<group>"; };
		9ABE78D6194B06E200E079F0 /* FDSettingsTableViewController.h */ = {isa = PBXFileReference; fileEncoding = 4; lastKnownFileType = sourcecode.c.h; name = FDSettingsTableViewController.h; path = ViewControllers/FDSettingsTableViewController.h; sourceTree = "<group>"; };
		9ABE78D7194B06E200E079F0 /* FDSettingsTableViewController.m */ = {isa = PBXFileReference; fileEncoding = 4; lastKnownFileType = sourcecode.c.objc; name = FDSettingsTableViewController.m; path = ViewControllers/FDSettingsTableViewController.m; sourceTree = "<group>"; };
		9ABE78DE194B102900E079F0 /* Constants.h */ = {isa = PBXFileReference; fileEncoding = 4; lastKnownFileType = sourcecode.c.h; path = Constants.h; sourceTree = "<group>"; };
		A10ADCF75AB744398CB8108F /* Pods-Standup-iOSTests.xcconfig */ = {isa = PBXFileReference; includeInIndex = 1; lastKnownFileType = text.xcconfig; name = "Pods-Standup-iOSTests.xcconfig"; path = "Pods/Pods-Standup-iOSTests.xcconfig"; sourceTree = "<group>"; };
		AD780EC4DF2A430EAD42DB6D /* Pods.xcconfig */ = {isa = PBXFileReference; includeInIndex = 1; lastKnownFileType = text.xcconfig; name = Pods.xcconfig; path = Pods/Pods.xcconfig; sourceTree = "<group>"; };
		B5A30D882175455EBC2C4AEC /* libPods.a */ = {isa = PBXFileReference; explicitFileType = archive.ar; includeInIndex = 0; path = libPods.a; sourceTree = BUILT_PRODUCTS_DIR; };
/* End PBXFileReference section */

/* Begin PBXFrameworksBuildPhase section */
		22527D80194AFBA0009B989B /* Frameworks */ = {
			isa = PBXFrameworksBuildPhase;
			buildActionMask = 2147483647;
			files = (
				22527D89194AFBA0009B989B /* CoreGraphics.framework in Frameworks */,
				22527D8B194AFBA0009B989B /* UIKit.framework in Frameworks */,
				22527D87194AFBA0009B989B /* Foundation.framework in Frameworks */,
				626DFAC130FA46FEA48C9AF5 /* libPods.a in Frameworks */,
			);
			runOnlyForDeploymentPostprocessing = 0;
		};
		22527DA1194AFBA0009B989B /* Frameworks */ = {
			isa = PBXFrameworksBuildPhase;
			buildActionMask = 2147483647;
			files = (
				22527DA6194AFBA0009B989B /* XCTest.framework in Frameworks */,
				22527DA8194AFBA0009B989B /* UIKit.framework in Frameworks */,
				22527DA7194AFBA0009B989B /* Foundation.framework in Frameworks */,
				56D7E5B6830E4C618623ACFF /* libPods-Standup-iOSTests.a in Frameworks */,
			);
			runOnlyForDeploymentPostprocessing = 0;
		};
/* End PBXFrameworksBuildPhase section */

/* Begin PBXGroup section */
		22313DBE194B62EA00DD11E9 /* Utils */ = {
			isa = PBXGroup;
			children = (
				22313DBF194B634100DD11E9 /* FDStringUtils.h */,
				22313DC0194B634100DD11E9 /* FDStringUtils.m */,
			);
			path = Utils;
			sourceTree = "<group>";
		};
		22527D7A194AFBA0009B989B = {
			isa = PBXGroup;
			children = (
				22527D8C194AFBA0009B989B /* Standup-iOS */,
				22527DAB194AFBA0009B989B /* Standup-iOSTests */,
				22527D85194AFBA0009B989B /* Frameworks */,
				22527D84194AFBA0009B989B /* Products */,
				AD780EC4DF2A430EAD42DB6D /* Pods.xcconfig */,
				A10ADCF75AB744398CB8108F /* Pods-Standup-iOSTests.xcconfig */,
			);
			sourceTree = "<group>";
		};
		22527D84194AFBA0009B989B /* Products */ = {
			isa = PBXGroup;
			children = (
				22527D83194AFBA0009B989B /* Standup-iOS.app */,
				22527DA4194AFBA0009B989B /* Standup-iOSTests.xctest */,
			);
			name = Products;
			sourceTree = "<group>";
		};
		22527D85194AFBA0009B989B /* Frameworks */ = {
			isa = PBXGroup;
			children = (
				22527D86194AFBA0009B989B /* Foundation.framework */,
				22527D88194AFBA0009B989B /* CoreGraphics.framework */,
				22527D8A194AFBA0009B989B /* UIKit.framework */,
				22527DA5194AFBA0009B989B /* XCTest.framework */,
				B5A30D882175455EBC2C4AEC /* libPods.a */,
				84C513AE6834405A90E4EC45 /* libPods-Standup-iOSTests.a */,
			);
			name = Frameworks;
			sourceTree = "<group>";
		};
		22527D8C194AFBA0009B989B /* Standup-iOS */ = {
			isa = PBXGroup;
			children = (
				22527D95194AFBA0009B989B /* FDAppDelegate.h */,
				22527D96194AFBA0009B989B /* FDAppDelegate.m */,
				22527D98194AFBA0009B989B /* Main.storyboard */,
				9ABE78D9194B06FD00E079F0 /* View Controllers */,
				2290296D194B0A7500D249F7 /* Models */,
				22902974194B0B8600D249F7 /* Network */,
				22313DBE194B62EA00DD11E9 /* Utils */,
				22527D9E194AFBA0009B989B /* Images.xcassets */,
				22527D8D194AFBA0009B989B /* Supporting Files */,
			);
			path = "Standup-iOS";
			sourceTree = "<group>";
		};
		22527D8D194AFBA0009B989B /* Supporting Files */ = {
			isa = PBXGroup;
			children = (
				22527D8E194AFBA0009B989B /* Standup-iOS-Info.plist */,
				22527D8F194AFBA0009B989B /* InfoPlist.strings */,
				22527D92194AFBA0009B989B /* main.m */,
				22527D94194AFBA0009B989B /* Standup-iOS-Prefix.pch */,
				9ABE78DE194B102900E079F0 /* Constants.h */,
			);
			name = "Supporting Files";
			sourceTree = "<group>";
		};
		22527DAB194AFBA0009B989B /* Standup-iOSTests */ = {
			isa = PBXGroup;
			children = (
				22527DB1194AFBA0009B989B /* Standup_iOSTests.m */,
				22527DAC194AFBA0009B989B /* Supporting Files */,
			);
			path = "Standup-iOSTests";
			sourceTree = "<group>";
		};
		22527DAC194AFBA0009B989B /* Supporting Files */ = {
			isa = PBXGroup;
			children = (
				22A354BF194B2D8400732E53 /* mockTeam.json */,
				22527DAD194AFBA0009B989B /* Standup-iOSTests-Info.plist */,
				22527DAE194AFBA0009B989B /* InfoPlist.strings */,
			);
			name = "Supporting Files";
			sourceTree = "<group>";
		};
		2290296D194B0A7500D249F7 /* Models */ = {
			isa = PBXGroup;
			children = (
				2290296A194B0A6700D249F7 /* FDTeam.h */,
				2290296B194B0A6700D249F7 /* FDTeam.m */,
				2290296E194B0AA900D249F7 /* FDUser.h */,
				2290296F194B0AA900D249F7 /* FDUser.m */,
				22902971194B0AB700D249F7 /* FDStandup.h */,
				22902972194B0AB700D249F7 /* FDStandup.m */,
				22A354B9194B296C00732E53 /* FDTodoItem.h */,
				22A354BA194B296C00732E53 /* FDTodoItem.m */,
				22A354BC194B29C700732E53 /* FDStandupUser.h */,
				22A354BD194B29C700732E53 /* FDStandupUser.m */,
				22313DC2194B670B00DD11E9 /* FDTeamStorage.h */,
				22313DC3194B670B00DD11E9 /* FDTeamStorage.m */,
			);
			path = Models;
			sourceTree = "<group>";
		};
		22902974194B0B8600D249F7 /* Network */ = {
			isa = PBXGroup;
			children = (
				22902975194B0BD800D249F7 /* FDAPIClient.h */,
				22902976194B0BD800D249F7 /* FDAPIClient.m */,
			);
			path = Network;
			sourceTree = "<group>";
		};
		9A75FFDE194B53F30036EE88 /* Standup */ = {
			isa = PBXGroup;
			children = (
				9ABE78D3194B06C700E079F0 /* FDStandupTableViewController.h */,
				9ABE78D4194B06C700E079F0 /* FDStandupTableViewController.m */,
				9A75FFDF194B53FB0036EE88 /* Cells */,
			);
			name = Standup;
			sourceTree = "<group>";
		};
		9A75FFDF194B53FB0036EE88 /* Cells */ = {
			isa = PBXGroup;
			children = (
				9A75FFD8194B4A7C0036EE88 /* FDMyTodoTableViewCell.h */,
				9A75FFD9194B4A7C0036EE88 /* FDMyTodoTableViewCell.m */,
				9A75FFDB194B4A950036EE88 /* FDOthersTodoTableViewCell.h */,
				9A75FFDC194B4A950036EE88 /* FDOthersTodoTableViewCell.m */,
			);
			name = Cells;
			sourceTree = "<group>";
		};
		9A75FFE0194B540B0036EE88 /* DashBoard */ = {
			isa = PBXGroup;
			children = (
				9ABE78D0194B06A500E079F0 /* FDDashboardViewController.h */,
				9ABE78D1194B06A500E079F0 /* FDDashboardViewController.m */,
				9A75FFE1194B54150036EE88 /* Cells */,
			);
			name = DashBoard;
			sourceTree = "<group>";
		};
		9A75FFE1194B54150036EE88 /* Cells */ = {
			isa = PBXGroup;
			children = (
				9A75FFD5194B43310036EE88 /* FDUserCollectionViewCell.h */,
				9A75FFD6194B43310036EE88 /* FDUserCollectionViewCell.m */,
			);
			name = Cells;
			sourceTree = "<group>";
		};
		9A75FFE2194B541E0036EE88 /* Login */ = {
			isa = PBXGroup;
			children = (
				9ABE78CD194B064700E079F0 /* FDLoginViewController.h */,
				9ABE78CE194B064700E079F0 /* FDLoginViewController.m */,
			);
			name = Login;
			sourceTree = "<group>";
		};
		9A75FFE3194B54250036EE88 /* Settings */ = {
			isa = PBXGroup;
			children = (
				9ABE78D6194B06E200E079F0 /* FDSettingsTableViewController.h */,
				9ABE78D7194B06E200E079F0 /* FDSettingsTableViewController.m */,
			);
			name = Settings;
			sourceTree = "<group>";
		};
		9ABE78D9194B06FD00E079F0 /* View Controllers */ = {
			isa = PBXGroup;
			children = (
				9A75FFE2194B541E0036EE88 /* Login */,
				9A75FFE0194B540B0036EE88 /* DashBoard */,
				9A75FFDE194B53F30036EE88 /* Standup */,
				9A75FFE3194B54250036EE88 /* Settings */,
			);
			name = "View Controllers";
			sourceTree = "<group>";
		};
/* End PBXGroup section */

/* Begin PBXNativeTarget section */
		22527D82194AFBA0009B989B /* Standup-iOS */ = {
			isa = PBXNativeTarget;
			buildConfigurationList = 22527DB5194AFBA0009B989B /* Build configuration list for PBXNativeTarget "Standup-iOS" */;
			buildPhases = (
				06F8245A43C346628CC51B24 /* Check Pods Manifest.lock */,
				22527D7F194AFBA0009B989B /* Sources */,
				22527D80194AFBA0009B989B /* Frameworks */,
				22527D81194AFBA0009B989B /* Resources */,
				81AB2A67B3354B42B46275E9 /* Copy Pods Resources */,
			);
			buildRules = (
			);
			dependencies = (
			);
			name = "Standup-iOS";
			productName = "Standup-iOS";
			productReference = 22527D83194AFBA0009B989B /* Standup-iOS.app */;
			productType = "com.apple.product-type.application";
		};
		22527DA3194AFBA0009B989B /* Standup-iOSTests */ = {
			isa = PBXNativeTarget;
			buildConfigurationList = 22527DB8194AFBA0009B989B /* Build configuration list for PBXNativeTarget "Standup-iOSTests" */;
			buildPhases = (
				F367E85582354AC9B955232B /* Check Pods Manifest.lock */,
				22527DA0194AFBA0009B989B /* Sources */,
				22527DA1194AFBA0009B989B /* Frameworks */,
				22527DA2194AFBA0009B989B /* Resources */,
				279C0D25B0764715894C083C /* Copy Pods Resources */,
			);
			buildRules = (
			);
			dependencies = (
				22527DAA194AFBA0009B989B /* PBXTargetDependency */,
			);
			name = "Standup-iOSTests";
			productName = "Standup-iOSTests";
			productReference = 22527DA4194AFBA0009B989B /* Standup-iOSTests.xctest */;
			productType = "com.apple.product-type.bundle.unit-test";
		};
/* End PBXNativeTarget section */

/* Begin PBXProject section */
		22527D7B194AFBA0009B989B /* Project object */ = {
			isa = PBXProject;
			attributes = {
				CLASSPREFIX = FD;
				LastUpgradeCheck = 0510;
				ORGANIZATIONNAME = FrostDigital;
				TargetAttributes = {
					22527D82194AFBA0009B989B = {
						DevelopmentTeam = T4EZ537LS6;
					};
					22527DA3194AFBA0009B989B = {
						TestTargetID = 22527D82194AFBA0009B989B;
					};
				};
			};
			buildConfigurationList = 22527D7E194AFBA0009B989B /* Build configuration list for PBXProject "Standup-iOS" */;
			compatibilityVersion = "Xcode 3.2";
			developmentRegion = English;
			hasScannedForEncodings = 0;
			knownRegions = (
				en,
				Base,
			);
			mainGroup = 22527D7A194AFBA0009B989B;
			productRefGroup = 22527D84194AFBA0009B989B /* Products */;
			projectDirPath = "";
			projectRoot = "";
			targets = (
				22527D82194AFBA0009B989B /* Standup-iOS */,
				22527DA3194AFBA0009B989B /* Standup-iOSTests */,
			);
		};
/* End PBXProject section */

/* Begin PBXResourcesBuildPhase section */
		22527D81194AFBA0009B989B /* Resources */ = {
			isa = PBXResourcesBuildPhase;
			buildActionMask = 2147483647;
			files = (
				22527D9F194AFBA0009B989B /* Images.xcassets in Resources */,
				22527D91194AFBA0009B989B /* InfoPlist.strings in Resources */,
				22527D9A194AFBA0009B989B /* Main.storyboard in Resources */,
			);
			runOnlyForDeploymentPostprocessing = 0;
		};
		22527DA2194AFBA0009B989B /* Resources */ = {
			isa = PBXResourcesBuildPhase;
			buildActionMask = 2147483647;
			files = (
				22A354C0194B2D8400732E53 /* mockTeam.json in Resources */,
				22527DB0194AFBA0009B989B /* InfoPlist.strings in Resources */,
			);
			runOnlyForDeploymentPostprocessing = 0;
		};
/* End PBXResourcesBuildPhase section */

/* Begin PBXShellScriptBuildPhase section */
		06F8245A43C346628CC51B24 /* Check Pods Manifest.lock */ = {
			isa = PBXShellScriptBuildPhase;
			buildActionMask = 2147483647;
			files = (
			);
			inputPaths = (
			);
			name = "Check Pods Manifest.lock";
			outputPaths = (
			);
			runOnlyForDeploymentPostprocessing = 0;
			shellPath = /bin/sh;
			shellScript = "diff \"${PODS_ROOT}/../Podfile.lock\" \"${PODS_ROOT}/Manifest.lock\" > /dev/null\nif [[ $? != 0 ]] ; then\n    cat << EOM\nerror: The sandbox is not in sync with the Podfile.lock. Run 'pod install' or update your CocoaPods installation.\nEOM\n    exit 1\nfi\n";
			showEnvVarsInLog = 0;
		};
		279C0D25B0764715894C083C /* Copy Pods Resources */ = {
			isa = PBXShellScriptBuildPhase;
			buildActionMask = 2147483647;
			files = (
			);
			inputPaths = (
			);
			name = "Copy Pods Resources";
			outputPaths = (
			);
			runOnlyForDeploymentPostprocessing = 0;
			shellPath = /bin/sh;
			shellScript = "\"${SRCROOT}/Pods/Pods-Standup-iOSTests-resources.sh\"\n";
			showEnvVarsInLog = 0;
		};
		81AB2A67B3354B42B46275E9 /* Copy Pods Resources */ = {
			isa = PBXShellScriptBuildPhase;
			buildActionMask = 2147483647;
			files = (
			);
			inputPaths = (
			);
			name = "Copy Pods Resources";
			outputPaths = (
			);
			runOnlyForDeploymentPostprocessing = 0;
			shellPath = /bin/sh;
			shellScript = "\"${SRCROOT}/Pods/Pods-resources.sh\"\n";
			showEnvVarsInLog = 0;
		};
		F367E85582354AC9B955232B /* Check Pods Manifest.lock */ = {
			isa = PBXShellScriptBuildPhase;
			buildActionMask = 2147483647;
			files = (
			);
			inputPaths = (
			);
			name = "Check Pods Manifest.lock";
			outputPaths = (
			);
			runOnlyForDeploymentPostprocessing = 0;
			shellPath = /bin/sh;
			shellScript = "diff \"${PODS_ROOT}/../Podfile.lock\" \"${PODS_ROOT}/Manifest.lock\" > /dev/null\nif [[ $? != 0 ]] ; then\n    cat << EOM\nerror: The sandbox is not in sync with the Podfile.lock. Run 'pod install' or update your CocoaPods installation.\nEOM\n    exit 1\nfi\n";
			showEnvVarsInLog = 0;
		};
/* End PBXShellScriptBuildPhase section */

/* Begin PBXSourcesBuildPhase section */
		22527D7F194AFBA0009B989B /* Sources */ = {
			isa = PBXSourcesBuildPhase;
			buildActionMask = 2147483647;
			files = (
				9A75FFDD194B4A950036EE88 /* FDOthersTodoTableViewCell.m in Sources */,
				2290296C194B0A6700D249F7 /* FDTeam.m in Sources */,
				22313DC4194B670B00DD11E9 /* FDTeamStorage.m in Sources */,
				9ABE78CF194B064700E079F0 /* FDLoginViewController.m in Sources */,
				22A354BB194B296C00732E53 /* FDTodoItem.m in Sources */,
				22527D97194AFBA0009B989B /* FDAppDelegate.m in Sources */,
				22902973194B0AB700D249F7 /* FDStandup.m in Sources */,
				22527D93194AFBA0009B989B /* main.m in Sources */,
				22902970194B0AA900D249F7 /* FDUser.m in Sources */,
				9ABE78D2194B06A500E079F0 /* FDDashboardViewController.m in Sources */,
				9ABE78D8194B06E200E079F0 /* FDSettingsTableViewController.m in Sources */,
				9ABE78D5194B06C700E079F0 /* FDStandupTableViewController.m in Sources */,
				9A75FFD7194B43310036EE88 /* FDUserCollectionViewCell.m in Sources */,
				22313DC1194B634100DD11E9 /* FDStringUtils.m in Sources */,
				22A354BE194B29C700732E53 /* FDStandupUser.m in Sources */,
				22902977194B0BD800D249F7 /* FDAPIClient.m in Sources */,
				9A75FFDA194B4A7C0036EE88 /* FDMyTodoTableViewCell.m in Sources */,
			);
			runOnlyForDeploymentPostprocessing = 0;
		};
		22527DA0194AFBA0009B989B /* Sources */ = {
			isa = PBXSourcesBuildPhase;
			buildActionMask = 2147483647;
			files = (
				22527DB2194AFBA0009B989B /* Standup_iOSTests.m in Sources */,
			);
			runOnlyForDeploymentPostprocessing = 0;
		};
/* End PBXSourcesBuildPhase section */

/* Begin PBXTargetDependency section */
		22527DAA194AFBA0009B989B /* PBXTargetDependency */ = {
			isa = PBXTargetDependency;
			target = 22527D82194AFBA0009B989B /* Standup-iOS */;
			targetProxy = 22527DA9194AFBA0009B989B /* PBXContainerItemProxy */;
		};
/* End PBXTargetDependency section */

/* Begin PBXVariantGroup section */
		22527D8F194AFBA0009B989B /* InfoPlist.strings */ = {
			isa = PBXVariantGroup;
			children = (
				22527D90194AFBA0009B989B /* en */,
			);
			name = InfoPlist.strings;
			sourceTree = "<group>";
		};
		22527D98194AFBA0009B989B /* Main.storyboard */ = {
			isa = PBXVariantGroup;
			children = (
				22527D99194AFBA0009B989B /* Base */,
			);
			name = Main.storyboard;
			sourceTree = "<group>";
		};
		22527DAE194AFBA0009B989B /* InfoPlist.strings */ = {
			isa = PBXVariantGroup;
			children = (
				22527DAF194AFBA0009B989B /* en */,
			);
			name = InfoPlist.strings;
			sourceTree = "<group>";
		};
/* End PBXVariantGroup section */

/* Begin XCBuildConfiguration section */
		22527DB3194AFBA0009B989B /* Debug */ = {
			isa = XCBuildConfiguration;
			buildSettings = {
				ALWAYS_SEARCH_USER_PATHS = NO;
				CLANG_CXX_LANGUAGE_STANDARD = "gnu++0x";
				CLANG_CXX_LIBRARY = "libc++";
				CLANG_ENABLE_MODULES = YES;
				CLANG_ENABLE_OBJC_ARC = YES;
				CLANG_WARN_BOOL_CONVERSION = YES;
				CLANG_WARN_CONSTANT_CONVERSION = YES;
				CLANG_WARN_DIRECT_OBJC_ISA_USAGE = YES_ERROR;
				CLANG_WARN_EMPTY_BODY = YES;
				CLANG_WARN_ENUM_CONVERSION = YES;
				CLANG_WARN_INT_CONVERSION = YES;
				CLANG_WARN_OBJC_ROOT_CLASS = YES_ERROR;
				CLANG_WARN__DUPLICATE_METHOD_MATCH = YES;
				"CODE_SIGN_IDENTITY[sdk=iphoneos*]" = "iPhone Developer";
				COPY_PHASE_STRIP = NO;
				GCC_C_LANGUAGE_STANDARD = gnu99;
				GCC_DYNAMIC_NO_PIC = NO;
				GCC_OPTIMIZATION_LEVEL = 0;
				GCC_PREPROCESSOR_DEFINITIONS = (
					"DEBUG=1",
					"$(inherited)",
				);
				GCC_SYMBOLS_PRIVATE_EXTERN = NO;
				GCC_WARN_64_TO_32_BIT_CONVERSION = YES;
				GCC_WARN_ABOUT_RETURN_TYPE = YES_ERROR;
				GCC_WARN_UNDECLARED_SELECTOR = YES;
				GCC_WARN_UNINITIALIZED_AUTOS = YES_AGGRESSIVE;
				GCC_WARN_UNUSED_FUNCTION = YES;
				GCC_WARN_UNUSED_VARIABLE = YES;
				IPHONEOS_DEPLOYMENT_TARGET = 7.1;
				ONLY_ACTIVE_ARCH = YES;
				SDKROOT = iphoneos;
			};
			name = Debug;
		};
		22527DB4194AFBA0009B989B /* Release */ = {
			isa = XCBuildConfiguration;
			buildSettings = {
				ALWAYS_SEARCH_USER_PATHS = NO;
				CLANG_CXX_LANGUAGE_STANDARD = "gnu++0x";
				CLANG_CXX_LIBRARY = "libc++";
				CLANG_ENABLE_MODULES = YES;
				CLANG_ENABLE_OBJC_ARC = YES;
				CLANG_WARN_BOOL_CONVERSION = YES;
				CLANG_WARN_CONSTANT_CONVERSION = YES;
				CLANG_WARN_DIRECT_OBJC_ISA_USAGE = YES_ERROR;
				CLANG_WARN_EMPTY_BODY = YES;
				CLANG_WARN_ENUM_CONVERSION = YES;
				CLANG_WARN_INT_CONVERSION = YES;
				CLANG_WARN_OBJC_ROOT_CLASS = YES_ERROR;
				CLANG_WARN__DUPLICATE_METHOD_MATCH = YES;
				"CODE_SIGN_IDENTITY[sdk=iphoneos*]" = "iPhone Developer";
				COPY_PHASE_STRIP = YES;
				ENABLE_NS_ASSERTIONS = NO;
				GCC_C_LANGUAGE_STANDARD = gnu99;
				GCC_WARN_64_TO_32_BIT_CONVERSION = YES;
				GCC_WARN_ABOUT_RETURN_TYPE = YES_ERROR;
				GCC_WARN_UNDECLARED_SELECTOR = YES;
				GCC_WARN_UNINITIALIZED_AUTOS = YES_AGGRESSIVE;
				GCC_WARN_UNUSED_FUNCTION = YES;
				GCC_WARN_UNUSED_VARIABLE = YES;
				IPHONEOS_DEPLOYMENT_TARGET = 7.1;
				SDKROOT = iphoneos;
				VALIDATE_PRODUCT = YES;
			};
			name = Release;
		};
		22527DB6194AFBA0009B989B /* Debug */ = {
			isa = XCBuildConfiguration;
			baseConfigurationReference = AD780EC4DF2A430EAD42DB6D /* Pods.xcconfig */;
			buildSettings = {
				ASSETCATALOG_COMPILER_APPICON_NAME = AppIcon;
				ASSETCATALOG_COMPILER_LAUNCHIMAGE_NAME = LaunchImage;
				CODE_SIGN_IDENTITY = "iPhone Developer";
				GCC_PRECOMPILE_PREFIX_HEADER = YES;
				GCC_PREFIX_HEADER = "Standup-iOS/Standup-iOS-Prefix.pch";
				INFOPLIST_FILE = "Standup-iOS/Standup-iOS-Info.plist";
				PRODUCT_NAME = "$(TARGET_NAME)";
				WRAPPER_EXTENSION = app;
			};
			name = Debug;
		};
		22527DB7194AFBA0009B989B /* Release */ = {
			isa = XCBuildConfiguration;
			baseConfigurationReference = AD780EC4DF2A430EAD42DB6D /* Pods.xcconfig */;
			buildSettings = {
				ASSETCATALOG_COMPILER_APPICON_NAME = AppIcon;
				ASSETCATALOG_COMPILER_LAUNCHIMAGE_NAME = LaunchImage;
				CODE_SIGN_IDENTITY = "iPhone Developer";
				GCC_PRECOMPILE_PREFIX_HEADER = YES;
				GCC_PREFIX_HEADER = "Standup-iOS/Standup-iOS-Prefix.pch";
				INFOPLIST_FILE = "Standup-iOS/Standup-iOS-Info.plist";
				PRODUCT_NAME = "$(TARGET_NAME)";
				WRAPPER_EXTENSION = app;
			};
			name = Release;
		};
		22527DB9194AFBA0009B989B /* Debug */ = {
			isa = XCBuildConfiguration;
			baseConfigurationReference = A10ADCF75AB744398CB8108F /* Pods-Standup-iOSTests.xcconfig */;
			buildSettings = {
				BUNDLE_LOADER = "$(BUILT_PRODUCTS_DIR)/Standup-iOS.app/Standup-iOS";
				FRAMEWORK_SEARCH_PATHS = (
					"$(SDKROOT)/Developer/Library/Frameworks",
					"$(inherited)",
					"$(DEVELOPER_FRAMEWORKS_DIR)",
				);
				GCC_PRECOMPILE_PREFIX_HEADER = YES;
				GCC_PREFIX_HEADER = "Standup-iOS/Standup-iOS-Prefix.pch";
				GCC_PREPROCESSOR_DEFINITIONS = (
					"DEBUG=1",
					"$(inherited)",
				);
				INFOPLIST_FILE = "Standup-iOSTests/Standup-iOSTests-Info.plist";
				PRODUCT_NAME = "$(TARGET_NAME)";
				TEST_HOST = "$(BUNDLE_LOADER)";
				WRAPPER_EXTENSION = xctest;
			};
			name = Debug;
		};
		22527DBA194AFBA0009B989B /* Release */ = {
			isa = XCBuildConfiguration;
			baseConfigurationReference = A10ADCF75AB744398CB8108F /* Pods-Standup-iOSTests.xcconfig */;
			buildSettings = {
				BUNDLE_LOADER = "$(BUILT_PRODUCTS_DIR)/Standup-iOS.app/Standup-iOS";
				FRAMEWORK_SEARCH_PATHS = (
					"$(SDKROOT)/Developer/Library/Frameworks",
					"$(inherited)",
					"$(DEVELOPER_FRAMEWORKS_DIR)",
				);
				GCC_PRECOMPILE_PREFIX_HEADER = YES;
				GCC_PREFIX_HEADER = "Standup-iOS/Standup-iOS-Prefix.pch";
				INFOPLIST_FILE = "Standup-iOSTests/Standup-iOSTests-Info.plist";
				PRODUCT_NAME = "$(TARGET_NAME)";
				TEST_HOST = "$(BUNDLE_LOADER)";
				WRAPPER_EXTENSION = xctest;
			};
			name = Release;
		};
/* End XCBuildConfiguration section */

/* Begin XCConfigurationList section */
		22527D7E194AFBA0009B989B /* Build configuration list for PBXProject "Standup-iOS" */ = {
			isa = XCConfigurationList;
			buildConfigurations = (
				22527DB3194AFBA0009B989B /* Debug */,
				22527DB4194AFBA0009B989B /* Release */,
			);
			defaultConfigurationIsVisible = 0;
			defaultConfigurationName = Release;
		};
		22527DB5194AFBA0009B989B /* Build configuration list for PBXNativeTarget "Standup-iOS" */ = {
			isa = XCConfigurationList;
			buildConfigurations = (
				22527DB6194AFBA0009B989B /* Debug */,
				22527DB7194AFBA0009B989B /* Release */,
			);
			defaultConfigurationIsVisible = 0;
			defaultConfigurationName = Release;
		};
		22527DB8194AFBA0009B989B /* Build configuration list for PBXNativeTarget "Standup-iOSTests" */ = {
			isa = XCConfigurationList;
			buildConfigurations = (
				22527DB9194AFBA0009B989B /* Debug */,
				22527DBA194AFBA0009B989B /* Release */,
			);
			defaultConfigurationIsVisible = 0;
			defaultConfigurationName = Release;
		};
/* End XCConfigurationList section */
	};
	rootObject = 22527D7B194AFBA0009B989B /* Project object */;
}
